
Microsoft Visual Studio Solution File, Format Version 12.00
# Visual Studio Version 17
VisualStudioVersion = 17.5.33424.131
MinimumVisualStudioVersion = 10.0.40219.1
Project("{FAE04EC0-301F-11D3-BF4B-00C04F79EFBC}") = "SoapStore", "SoapStore.csproj", "{A58A4992-4677-4DA3-8912-9C99F78B2E15}"
EndProject
Global
	GlobalSection(SolutionConfigurationPlatforms) = preSolution
		Debug|Any CPU = Debug|Any CPU
		Release|Any CPU = Release|Any CPU
	EndGlobalSection
	GlobalSection(ProjectConfigurationPlatforms) = postSolution
		{A58A4992-4677-4DA3-8912-9C99F78B2E15}.Debug|Any CPU.ActiveCfg = Debug|Any CPU
		{A58A4992-4677-4DA3-8912-9C99F78B2E15}.Debug|Any CPU.Build.0 = Debug|Any CPU
		{A58A4992-4677-4DA3-8912-9C99F78B2E15}.Release|Any CPU.ActiveCfg = Release|Any CPU
		{A58A4992-4677-4DA3-8912-9C99F78B2E15}.Release|Any CPU.Build.0 = Release|Any CPU
	EndGlobalSection
	GlobalSection(SolutionProperties) = preSolution
		HideSolutionNode = FALSE
	EndGlobalSection
	GlobalSection(ExtensibilityGlobals) = postSolution
		SolutionGuid = {8E569D0A-12BA-45AE-B2F4-5A417C7E56BA}
	EndGlobalSection
EndGlobal
